# This file is automatically @generated by Cargo.
# It is not intended for manual editing.
version = 4

[[package]]
name = "openstream-action-sdk"
version = "0.1.0"

[[package]]
name = "openstream-crypto"
version = "0.1.0"

[[package]]
name = "openstream-discovery"
version = "0.1.0"

[[package]]
name = "openstream-domain"
version = "0.1.0"

[[package]]
name = "openstream-engine"
version = "0.1.0"

[[package]]
name = "openstream-integrations"
version = "0.1.0"

[[package]]
name = "openstream-mobile-ffi"
version = "0.1.0"

[[package]]
name = "openstream-pairing"
version = "0.1.0"

[[package]]
name = "openstream-persistence"
version = "0.1.0"

[[package]]
name = "openstream-plugin-host"
version = "0.1.0"

[[package]]
name = "openstream-protocol"
version = "0.1.0"

[[package]]
name = "openstream-sync"
version = "0.1.0"

[[package]]
name = "openstream-testkit"
version = "0.1.0"
